
Microsoft Visual Studio Solution File, Format Version 12.00
# Visual Studio Version 16
VisualStudioVersion = 16.0.31105.61
MinimumVisualStudioVersion = 10.0.40219.1
Project("{FAE04EC0-301F-11D3-BF4B-00C04F79EFBC}") = "Stored_Path_Traversal", "Stored_Path_Traversal\Stored_Path_Traversal.csproj", "{492E72FB-B2EA-4704-B476-DE34ED6D7B17}"
EndProject
Global
	GlobalSection(SolutionConfigurationPlatforms) = preSolution
		Debug|Any CPU = Debug|Any CPU
		Release|Any CPU = Release|Any CPU
	EndGlobalSection
	GlobalSection(ProjectConfigurationPlatforms) = postSolution
		{492E72FB-B2EA-4704-B476-DE34ED6D7B17}.Debug|Any CPU.ActiveCfg = Debug|Any CPU
		{492E72FB-B2EA-4704-B476-DE34ED6D7B17}.Debug|Any CPU.Build.0 = Debug|Any CPU
		{492E72FB-B2EA-4704-B476-DE34ED6D7B17}.Release|Any CPU.ActiveCfg = Release|Any CPU
		{492E72FB-B2EA-4704-B476-DE34ED6D7B17}.Release|Any CPU.Build.0 = Release|Any CPU
	EndGlobalSection
	GlobalSection(SolutionProperties) = preSolution
		HideSolutionNode = FALSE
	EndGlobalSection
	GlobalSection(ExtensibilityGlobals) = postSolution
		SolutionGuid = {6A8B7CDD-C07F-4E0B-A70E-D936BE8049C2}
	EndGlobalSection
EndGlobal
