
Microsoft Visual Studio Solution File, Format Version 12.00
# Visual Studio Version 16
VisualStudioVersion = 16.0.31105.61
MinimumVisualStudioVersion = 10.0.40219.1
Project("{FAE04EC0-301F-11D3-BF4B-00C04F79EFBC}") = "Excessive_Data_Exposure2", "Excessive_Data_Exposure2\Excessive_Data_Exposure2.csproj", "{C06EED02-95BF-4D38-AF2B-E9E16B10F4DF}"
EndProject
Global
	GlobalSection(SolutionConfigurationPlatforms) = preSolution
		Debug|Any CPU = Debug|Any CPU
		Release|Any CPU = Release|Any CPU
	EndGlobalSection
	GlobalSection(ProjectConfigurationPlatforms) = postSolution
		{C06EED02-95BF-4D38-AF2B-E9E16B10F4DF}.Debug|Any CPU.ActiveCfg = Debug|Any CPU
		{C06EED02-95BF-4D38-AF2B-E9E16B10F4DF}.Debug|Any CPU.Build.0 = Debug|Any CPU
		{C06EED02-95BF-4D38-AF2B-E9E16B10F4DF}.Release|Any CPU.ActiveCfg = Release|Any CPU
		{C06EED02-95BF-4D38-AF2B-E9E16B10F4DF}.Release|Any CPU.Build.0 = Release|Any CPU
	EndGlobalSection
	GlobalSection(SolutionProperties) = preSolution
		HideSolutionNode = FALSE
	EndGlobalSection
	GlobalSection(ExtensibilityGlobals) = postSolution
		SolutionGuid = {F0894114-4373-40B5-8454-D91E19D02BE5}
	EndGlobalSection
EndGlobal
