
Microsoft Visual Studio Solution File, Format Version 12.00
# Visual Studio Version 16
VisualStudioVersion = 16.0.31229.75
MinimumVisualStudioVersion = 10.0.40219.1
Project("{9092AA53-FB77-4645-B42D-1CCCA6BD08BD}") = "Unsafe_Object_Binding", "Unsafe_Object_Binding\Unsafe_Object_Binding.njsproj", "{06EBDA7C-D02A-4FD3-AC20-5E5FC6F92C90}"
EndProject
Global
	GlobalSection(SolutionConfigurationPlatforms) = preSolution
		Debug|Any CPU = Debug|Any CPU
		Release|Any CPU = Release|Any CPU
	EndGlobalSection
	GlobalSection(ProjectConfigurationPlatforms) = postSolution
		{06EBDA7C-D02A-4FD3-AC20-5E5FC6F92C90}.Debug|Any CPU.ActiveCfg = Debug|Any CPU
		{06EBDA7C-D02A-4FD3-AC20-5E5FC6F92C90}.Debug|Any CPU.Build.0 = Debug|Any CPU
		{06EBDA7C-D02A-4FD3-AC20-5E5FC6F92C90}.Release|Any CPU.ActiveCfg = Release|Any CPU
		{06EBDA7C-D02A-4FD3-AC20-5E5FC6F92C90}.Release|Any CPU.Build.0 = Release|Any CPU
	EndGlobalSection
	GlobalSection(SolutionProperties) = preSolution
		HideSolutionNode = FALSE
	EndGlobalSection
	GlobalSection(ExtensibilityGlobals) = postSolution
		SolutionGuid = {8E15AE1B-AECF-4C7C-B6AA-1CCE3F97D148}
	EndGlobalSection
EndGlobal
