
Microsoft Visual Studio Solution File, Format Version 12.00
# Visual Studio Version 16
VisualStudioVersion = 16.0.31229.75
MinimumVisualStudioVersion = 10.0.40219.1
Project("{9092AA53-FB77-4645-B42D-1CCCA6BD08BD}") = "Second_Order_SQL_Injection", "Second_Order_SQL_Injection\Second_Order_SQL_Injection.njsproj", "{A83229F9-DC1D-4C46-AE6D-8C18E3657335}"
EndProject
Global
	GlobalSection(SolutionConfigurationPlatforms) = preSolution
		Debug|Any CPU = Debug|Any CPU
		Release|Any CPU = Release|Any CPU
	EndGlobalSection
	GlobalSection(ProjectConfigurationPlatforms) = postSolution
		{A83229F9-DC1D-4C46-AE6D-8C18E3657335}.Debug|Any CPU.ActiveCfg = Debug|Any CPU
		{A83229F9-DC1D-4C46-AE6D-8C18E3657335}.Debug|Any CPU.Build.0 = Debug|Any CPU
		{A83229F9-DC1D-4C46-AE6D-8C18E3657335}.Release|Any CPU.ActiveCfg = Release|Any CPU
		{A83229F9-DC1D-4C46-AE6D-8C18E3657335}.Release|Any CPU.Build.0 = Release|Any CPU
	EndGlobalSection
	GlobalSection(SolutionProperties) = preSolution
		HideSolutionNode = FALSE
	EndGlobalSection
	GlobalSection(ExtensibilityGlobals) = postSolution
		SolutionGuid = {32757F72-8C0B-4685-B44A-6158C99F225F}
	EndGlobalSection
EndGlobal
