
Microsoft Visual Studio Solution File, Format Version 12.00
# Visual Studio Version 16
VisualStudioVersion = 16.0.31229.75
MinimumVisualStudioVersion = 10.0.40219.1
Project("{9092AA53-FB77-4645-B42D-1CCCA6BD08BD}") = "Parameter_Tampering", "Parameter_Tampering\Parameter_Tampering.njsproj", "{B51B4036-491C-4260-92B0-3A108EF195DC}"
EndProject
Global
	GlobalSection(SolutionConfigurationPlatforms) = preSolution
		Debug|Any CPU = Debug|Any CPU
		Release|Any CPU = Release|Any CPU
	EndGlobalSection
	GlobalSection(ProjectConfigurationPlatforms) = postSolution
		{B51B4036-491C-4260-92B0-3A108EF195DC}.Debug|Any CPU.ActiveCfg = Debug|Any CPU
		{B51B4036-491C-4260-92B0-3A108EF195DC}.Debug|Any CPU.Build.0 = Debug|Any CPU
		{B51B4036-491C-4260-92B0-3A108EF195DC}.Release|Any CPU.ActiveCfg = Release|Any CPU
		{B51B4036-491C-4260-92B0-3A108EF195DC}.Release|Any CPU.Build.0 = Release|Any CPU
	EndGlobalSection
	GlobalSection(SolutionProperties) = preSolution
		HideSolutionNode = FALSE
	EndGlobalSection
	GlobalSection(ExtensibilityGlobals) = postSolution
		SolutionGuid = {AFFE29F7-2A50-4A29-8762-753705CEB5E9}
	EndGlobalSection
EndGlobal
