
Microsoft Visual Studio Solution File, Format Version 12.00
# Visual Studio Version 16
VisualStudioVersion = 16.0.31105.61
MinimumVisualStudioVersion = 10.0.40219.1
Project("{FAE04EC0-301F-11D3-BF4B-00C04F79EFBC}") = "ReDoS", "ReDoS\ReDoS.csproj", "{ED32F7F9-0695-476D-B861-62520C20214E}"
EndProject
Global
	GlobalSection(SolutionConfigurationPlatforms) = preSolution
		Debug|Any CPU = Debug|Any CPU
		Release|Any CPU = Release|Any CPU
	EndGlobalSection
	GlobalSection(ProjectConfigurationPlatforms) = postSolution
		{ED32F7F9-0695-476D-B861-62520C20214E}.Debug|Any CPU.ActiveCfg = Debug|Any CPU
		{ED32F7F9-0695-476D-B861-62520C20214E}.Debug|Any CPU.Build.0 = Debug|Any CPU
		{ED32F7F9-0695-476D-B861-62520C20214E}.Release|Any CPU.ActiveCfg = Release|Any CPU
		{ED32F7F9-0695-476D-B861-62520C20214E}.Release|Any CPU.Build.0 = Release|Any CPU
	EndGlobalSection
	GlobalSection(SolutionProperties) = preSolution
		HideSolutionNode = FALSE
	EndGlobalSection
	GlobalSection(ExtensibilityGlobals) = postSolution
		SolutionGuid = {43CFDA8D-202D-4FFB-888E-E8652BEF835F}
	EndGlobalSection
EndGlobal
